
Microsoft Visual Studio Solution File, Format Version 12.00
# Visual Studio Version 17
VisualStudioVersion = 17.6.33712.159
MinimumVisualStudioVersion = 10.0.40219.1
Project("{9A19103F-16F7-4668-BE54-9A1E7A4F7556}") = "Tools", "Tools\Tools.csproj", "{46F0E5F6-7364-405B-B427-B49771E50D96}"
EndProject
Project("{9A19103F-16F7-4668-BE54-9A1E7A4F7556}") = "Scraper", "Scraper\Scraper.csproj", "{C3C0D9EB-EA15-4CA5-BCCC-3107CAE11548}"
EndProject
Project("{FAE04EC0-301F-11D3-BF4B-00C04F79EFBC}") = "Scraper.Tests", "Scraper.Tests\Scraper.Tests.csproj", "{62735089-2694-458A-AA68-E5076778CE70}"
EndProject
Global
	GlobalSection(SolutionConfigurationPlatforms) = preSolution
		Debug|Any CPU = Debug|Any CPU
		Release|Any CPU = Release|Any CPU
	EndGlobalSection
	GlobalSection(ProjectConfigurationPlatforms) = postSolution
		{46F0E5F6-7364-405B-B427-B49771E50D96}.Debug|Any CPU.ActiveCfg = Debug|Any CPU
		{46F0E5F6-7364-405B-B427-B49771E50D96}.Debug|Any CPU.Build.0 = Debug|Any CPU
		{46F0E5F6-7364-405B-B427-B49771E50D96}.Release|Any CPU.ActiveCfg = Release|Any CPU
		{46F0E5F6-7364-405B-B427-B49771E50D96}.Release|Any CPU.Build.0 = Release|Any CPU
		{C3C0D9EB-EA15-4CA5-BCCC-3107CAE11548}.Debug|Any CPU.ActiveCfg = Debug|Any CPU
		{C3C0D9EB-EA15-4CA5-BCCC-3107CAE11548}.Debug|Any CPU.Build.0 = Debug|Any CPU
		{C3C0D9EB-EA15-4CA5-BCCC-3107CAE11548}.Release|Any CPU.ActiveCfg = Release|Any CPU
		{C3C0D9EB-EA15-4CA5-BCCC-3107CAE11548}.Release|Any CPU.Build.0 = Release|Any CPU
		{62735089-2694-458A-AA68-E5076778CE70}.Debug|Any CPU.ActiveCfg = Debug|Any CPU
		{62735089-2694-458A-AA68-E5076778CE70}.Debug|Any CPU.Build.0 = Debug|Any CPU
		{62735089-2694-458A-AA68-E5076778CE70}.Release|Any CPU.ActiveCfg = Release|Any CPU
		{62735089-2694-458A-AA68-E5076778CE70}.Release|Any CPU.Build.0 = Release|Any CPU
	EndGlobalSection
	GlobalSection(SolutionProperties) = preSolution
		HideSolutionNode = FALSE
	EndGlobalSection
	GlobalSection(ExtensibilityGlobals) = postSolution
		SolutionGuid = {E36C6454-12D3-4B10-93AE-247EA4BE1DBF}
	EndGlobalSection
EndGlobal
